<?xml version="1.0" encoding="utf-8"?>
<Project ToolsVersion="4.0" xmlns="http://schemas.microsoft.com/developer/msbuild/2003">
  <ItemGroup>
    <Filter Include="Исходные файлы">
      <UniqueIdentifier>{4FC737F1-C7A5-4376-A066-2A32D752A2FF}</UniqueIdentifier>
      <Extensions>cpp;c;cc;cxx;def;odl;idl;hpj;bat;asm;asmx</Extensions>
    </Filter>
    <Filter Include="Файлы заголовков">
      <UniqueIdentifier>{93995380-89BD-4b04-88EB-625FBE52EBFB}</UniqueIdentifier>
      <Extensions>h;hh;hpp;hxx;hm;inl;inc;xsd</Extensions>
    </Filter>
    <Filter Include="Файлы ресурсов">
      <UniqueIdentifier>{67DA6AB6-F800-4c08-8B7A-83BB121AAD01}</UniqueIdentifier>
      <Extensions>rc;ico;cur;bmp;dlg;rc2;rct;bin;rgs;gif;jpg;jpeg;jpe;resx;tiff;tif;png;wav;mfcribbon-ms</Extensions>
    </Filter>
    <Filter Include="Исходные файлы\lab1">
      <UniqueIdentifier>{6d1624ea-5753-4ec5-8e55-2dc136b6cba6}</UniqueIdentifier>
    </Filter>
    <Filter Include="Исходные файлы\lab2">
      <UniqueIdentifier>{46e04682-0d19-4587-a83a-cea641fff9e2}</UniqueIdentifier>
    </Filter>
    <Filter Include="Исходные файлы\lab3">
      <UniqueIdentifier>{00d06b0c-4621-4432-ac79-007e86b48efd}</UniqueIdentifier>
    </Filter>
    <Filter Include="Файлы заголовков\lab1">
      <UniqueIdentifier>{99ff0e92-a950-42f6-8d92-12fb5af2bc57}</UniqueIdentifier>
    </Filter>
    <Filter Include="Файлы заголовков\lab2">
      <UniqueIdentifier>{264aa99a-c849-4555-8387-f71efbc26a23}</UniqueIdentifier>
    </Filter>
    <Filter Include="Файлы заголовков\lab3">
      <UniqueIdentifier>{93f2d2b6-4439-411e-b7c6-d412cc80498f}</UniqueIdentifier>
    </Filter>
    <Filter Include="Исходные файлы\lab4">
      <UniqueIdentifier>{b95162c5-68c9-4797-96d5-1ae95036f9b0}</UniqueIdentifier>
    </Filter>
    <Filter Include="Файлы заголовков\lab4">
      <UniqueIdentifier>{c60260ab-e266-43e3-82bc-36d049d828a1}</UniqueIdentifier>
    </Filter>
    <Filter Include="Файлы заголовков\lab5">
      <UniqueIdentifier>{839d39af-1ae1-453a-832b-b4b186b34cbc}</UniqueIdentifier>
    </Filter>
    <Filter Include="Исходные файлы\lab5">
      <UniqueIdentifier>{47fd1849-b84c-4de1-a14c-378a0377caad}</UniqueIdentifier>
    </Filter>
    <Filter Include="Файлы заголовков\lab6">
      <UniqueIdentifier>{5cf6c3e9-9412-494c-842c-1bca1f192e41}</UniqueIdentifier>
    </Filter>
    <Filter Include="Исходные файлы\lab6">
      <UniqueIdentifier>{20f8c89f-5a98-4163-84e6-0a17654c6f48}</UniqueIdentifier>
    </Filter>
  </ItemGroup>
  <ItemGroup>
    <ClInclude Include="stdafx.h">
      <Filter>Файлы заголовков</Filter>
    </ClInclude>
    <ClInclude Include="targetver.h">
      <Filter>Файлы заголовков</Filter>
    </ClInclude>
    <ClInclude Include="lab1.h">
      <Filter>Файлы заголовков\lab1</Filter>
    </ClInclude>
    <ClInclude Include="lab2.h">
      <Filter>Файлы заголовков\lab2</Filter>
    </ClInclude>
    <ClInclude Include="lab3.h">
      <Filter>Файлы заголовков\lab3</Filter>
    </ClInclude>
    <ClInclude Include="input.h">
      <Filter>Файлы заголовков</Filter>
    </ClInclude>
    <ClInclude Include="lab4.h">
      <Filter>Файлы заголовков\lab4</Filter>
    </ClInclude>
    <ClInclude Include="Person.h">
      <Filter>Файлы заголовков\lab5</Filter>
    </ClInclude>
    <ClInclude Include="lab5.h">
      <Filter>Файлы заголовков\lab5</Filter>
    </ClInclude>
    <ClInclude Include="PersonList.h">
      <Filter>Файлы заголовков\lab5</Filter>
    </ClInclude>
    <ClInclude Include="PersonTools.h">
      <Filter>Файлы заголовков\lab5</Filter>
    </ClInclude>
    <ClInclude Include="Adult.h">
      <Filter>Файлы заголовков\lab6</Filter>
    </ClInclude>
    <ClInclude Include="Child.h">
      <Filter>Файлы заголовков\lab6</Filter>
    </ClInclude>
    <ClInclude Include="strfunc.h">
      <Filter>Файлы заголовков</Filter>
    </ClInclude>
    <ClInclude Include="lab6.h">
      <Filter>Файлы заголовков\lab6</Filter>
    </ClInclude>
  </ItemGroup>
  <ItemGroup>
    <ClCompile Include="stdafx.cpp">
      <Filter>Исходные файлы</Filter>
    </ClCompile>
    <ClCompile Include="main.cpp">
      <Filter>Исходные файлы</Filter>
    </ClCompile>
    <ClCompile Include="lab1.cpp">
      <Filter>Исходные файлы\lab1</Filter>
    </ClCompile>
    <ClCompile Include="lab2.cpp">
      <Filter>Исходные файлы\lab2</Filter>
    </ClCompile>
    <ClCompile Include="lab3.cpp">
      <Filter>Исходные файлы\lab3</Filter>
    </ClCompile>
    <ClCompile Include="input.cpp">
      <Filter>Исходные файлы</Filter>
    </ClCompile>
    <ClCompile Include="lab4.cpp">
      <Filter>Исходные файлы\lab4</Filter>
    </ClCompile>
    <ClCompile Include="Person.cpp">
      <Filter>Исходные файлы\lab5</Filter>
    </ClCompile>
    <ClCompile Include="lab5.cpp">
      <Filter>Исходные файлы\lab5</Filter>
    </ClCompile>
    <ClCompile Include="PersonList.cpp">
      <Filter>Исходные файлы\lab5</Filter>
    </ClCompile>
    <ClCompile Include="PersonTools.cpp">
      <Filter>Исходные файлы\lab5</Filter>
    </ClCompile>
    <ClCompile Include="strfunc.cpp">
      <Filter>Исходные файлы</Filter>
    </ClCompile>
    <ClCompile Include="Adult.cpp">
      <Filter>Исходные файлы\lab6</Filter>
    </ClCompile>
    <ClCompile Include="Child.cpp">
      <Filter>Исходные файлы\lab6</Filter>
    </ClCompile>
    <ClCompile Include="lab6.cpp">
      <Filter>Исходные файлы\lab6</Filter>
    </ClCompile>
  </ItemGroup>
</Project>